
Microsoft Visual Studio Solution File, Format Version 12.00
# Visual Studio Version 17
VisualStudioVersion = 17.5.33414.496
MinimumVisualStudioVersion = 10.0.40219.1
Project("{FAE04EC0-301F-11D3-BF4B-00C04F79EFBC}") = "LaravelAPILogin", "LaravelAPILogin\LaravelAPILogin.csproj", "{17CEB70C-D54A-4F17-ADC7-E1B224579AA6}"
EndProject
Global
	GlobalSection(SolutionConfigurationPlatforms) = preSolution
		Debug|Any CPU = Debug|Any CPU
		Release|Any CPU = Release|Any CPU
	EndGlobalSection
	GlobalSection(ProjectConfigurationPlatforms) = postSolution
		{17CEB70C-D54A-4F17-ADC7-E1B224579AA6}.Debug|Any CPU.ActiveCfg = Debug|Any CPU
		{17CEB70C-D54A-4F17-ADC7-E1B224579AA6}.Debug|Any CPU.Build.0 = Debug|Any CPU
		{17CEB70C-D54A-4F17-ADC7-E1B224579AA6}.Release|Any CPU.ActiveCfg = Release|Any CPU
		{17CEB70C-D54A-4F17-ADC7-E1B224579AA6}.Release|Any CPU.Build.0 = Release|Any CPU
	EndGlobalSection
	GlobalSection(SolutionProperties) = preSolution
		HideSolutionNode = FALSE
	EndGlobalSection
	GlobalSection(ExtensibilityGlobals) = postSolution
		SolutionGuid = {4FCD4B08-7A3A-43EB-9DF8-F2A55E75D829}
	EndGlobalSection
EndGlobal
